
Microsoft Visual Studio Solution File, Format Version 12.00
# Visual Studio Version 16
VisualStudioVersion = 16.0.30104.148
MinimumVisualStudioVersion = 10.0.40219.1
Project("{FAE04EC0-301F-11D3-BF4B-00C04F79EFBC}") = "ColourMatcher", "ColourMatcher\ColourMatcher.csproj", "{91A7AA49-5854-4298-9666-9125768B6A82}"
EndProject
Project("{FAE04EC0-301F-11D3-BF4B-00C04F79EFBC}") = "ColourMatcher.Tests", "ColourMatcher.Tests\ColourMatcher.Tests.csproj", "{2A70D540-E16F-4249-AA38-A8571E51ADAF}"
EndProject
Global
	GlobalSection(SolutionConfigurationPlatforms) = preSolution
		Debug|Any CPU = Debug|Any CPU
		Release|Any CPU = Release|Any CPU
	EndGlobalSection
	GlobalSection(ProjectConfigurationPlatforms) = postSolution
		{91A7AA49-5854-4298-9666-9125768B6A82}.Debug|Any CPU.ActiveCfg = Debug|Any CPU
		{91A7AA49-5854-4298-9666-9125768B6A82}.Debug|Any CPU.Build.0 = Debug|Any CPU
		{91A7AA49-5854-4298-9666-9125768B6A82}.Release|Any CPU.ActiveCfg = Release|Any CPU
		{91A7AA49-5854-4298-9666-9125768B6A82}.Release|Any CPU.Build.0 = Release|Any CPU
		{2A70D540-E16F-4249-AA38-A8571E51ADAF}.Debug|Any CPU.ActiveCfg = Debug|Any CPU
		{2A70D540-E16F-4249-AA38-A8571E51ADAF}.Debug|Any CPU.Build.0 = Debug|Any CPU
		{2A70D540-E16F-4249-AA38-A8571E51ADAF}.Release|Any CPU.ActiveCfg = Release|Any CPU
		{2A70D540-E16F-4249-AA38-A8571E51ADAF}.Release|Any CPU.Build.0 = Release|Any CPU
	EndGlobalSection
	GlobalSection(SolutionProperties) = preSolution
		HideSolutionNode = FALSE
	EndGlobalSection
	GlobalSection(ExtensibilityGlobals) = postSolution
		SolutionGuid = {294AF08B-669F-4956-AC56-E731AE5BA0DB}
	EndGlobalSection
EndGlobal
